{
  "version": 4,
  "terraform_version": "1.6.6",
  "serial": 153,
  "lineage": "f8a54c58-e7fd-a179-377a-6e563a28446e",
  "outputs": {
    "backend_config": {
      "value": {
        "bucket": "craftista-infra-state-bucket",
        "dynamodb_table": "craftista-infra-state-locks",
        "encrypt": true,
        "region": "us-east-1"
      },
      "type": [
        "object",
        {
          "bucket": "string",
          "dynamodb_table": "string",
          "encrypt": "bool",
          "region": "string"
        }
      ]
    },
    "dynamodb_table_arn": {
      "value": "arn:aws:dynamodb:us-east-1:448049792905:table/craftista-infra-state-locks",
      "type": "string"
    },
    "dynamodb_table_name": {
      "value": "craftista-infra-state-locks",
      "type": "string"
    },
    "iam_policy_arn": {
      "value": "arn:aws:iam::448049792905:policy/TerraformStatePolicy",
      "type": "string"
    },
    "iam_policy_name": {
      "value": "TerraformStatePolicy",
      "type": "string"
    },
    "state_bucket_arn": {
      "value": "arn:aws:s3:::craftista-infra-state-bucket",
      "type": "string"
    },
    "state_bucket_name": {
      "value": "craftista-infra-state-bucket",
      "type": "string"
    },
    "state_bucket_region": {
      "value": "us-east-1",
      "type": "string"
    }
  },
  "resources": [
    {
      "mode": "managed",
      "type": "aws_dynamodb_table",
      "name": "terraform_locks",
      "provider": "provider[\"registry.terraform.io/hashicorp/aws\"]",
      "instances": [
        {
          "schema_version": 1,
          "attributes": {
            "arn": "arn:aws:dynamodb:us-east-1:448049792905:table/craftista-infra-state-locks",
            "attribute": [
              {
                "name": "LockID",
                "type": "S"
              }
            ],
            "billing_mode": "PAY_PER_REQUEST",
            "deletion_protection_enabled": false,
            "global_secondary_index": [],
            "hash_key": "LockID",
            "id": "craftista-infra-state-locks",
            "local_secondary_index": [],
            "name": "craftista-infra-state-locks",
            "point_in_time_recovery": [
              {
                "enabled": false
              }
            ],
            "range_key": null,
            "read_capacity": 0,
            "replica": [],
            "restore_date_time": null,
            "restore_source_name": null,
            "restore_to_latest_time": null,
            "server_side_encryption": [],
            "stream_arn": "",
            "stream_enabled": false,
            "stream_label": "",
            "stream_view_type": "",
            "table_class": "STANDARD",
            "tags": {
              "Backup": "required",
              "CreatedDate": "2025-11-04",
              "Department": "devops",
              "Environment": "bootstrap",
              "ManagedBy": "terraform",
              "Monitoring": "enabled",
              "Name": "Terraform State Lock Table",
              "Owner": "Obinna Iheanacho",
              "Project": "craftista",
              "Purpose": "terraform-state-locking"
            },
            "tags_all": {
              "Backup": "required",
              "Component": "bootstrap",
              "CreatedDate": "2025-11-04",
              "Department": "devops",
              "Environment": "bootstrap",
              "ManagedBy": "terraform",
              "Monitoring": "enabled",
              "Name": "Terraform State Lock Table",
              "Owner": "Obinna Iheanacho",
              "Project": "craftista",
              "Purpose": "terraform-state-locking"
            },
            "timeouts": null,
            "ttl": [
              {
                "attribute_name": "",
                "enabled": false
              }
            ],
            "write_capacity": 0
          },
          "sensitive_attributes": [],
          "private": "eyJlMmJmYjczMC1lY2FhLTExZTYtOGY4OC0zNDM2M2JjN2M0YzAiOnsiY3JlYXRlIjoxODAwMDAwMDAwMDAwLCJkZWxldGUiOjYwMDAwMDAwMDAwMCwidXBkYXRlIjozNjAwMDAwMDAwMDAwfSwic2NoZW1hX3ZlcnNpb24iOiIxIn0="
        }
      ]
    },
    {
      "mode": "managed",
      "type": "aws_iam_policy",
      "name": "terraform_state_policy",
      "provider": "provider[\"registry.terraform.io/hashicorp/aws\"]",
      "instances": [
        {
          "schema_version": 0,
          "attributes": {
            "arn": "arn:aws:iam::448049792905:policy/TerraformStatePolicy",
            "description": "IAM policy for Terraform state bucket and DynamoDB table access",
            "id": "arn:aws:iam::448049792905:policy/TerraformStatePolicy",
            "name": "TerraformStatePolicy",
            "name_prefix": "",
            "path": "/",
            "policy": "{\"Statement\":[{\"Action\":[\"s3:ListBucket\",\"s3:GetBucketVersioning\"],\"Effect\":\"Allow\",\"Resource\":\"arn:aws:s3:::craftista-infra-state-bucket\"},{\"Action\":[\"s3:GetObject\",\"s3:PutObject\",\"s3:DeleteObject\"],\"Effect\":\"Allow\",\"Resource\":\"arn:aws:s3:::craftista-infra-state-bucket/*\"},{\"Action\":[\"dynamodb:GetItem\",\"dynamodb:PutItem\",\"dynamodb:DeleteItem\"],\"Effect\":\"Allow\",\"Resource\":\"arn:aws:dynamodb:us-east-1:448049792905:table/craftista-infra-state-locks\"}],\"Version\":\"2012-10-17\"}",
            "policy_id": "ANPAWQUOZI6ETWXH3QRNC",
            "tags": {
              "Backup": "required",
              "CreatedDate": "2025-11-04",
              "Department": "devops",
              "Environment": "bootstrap",
              "ManagedBy": "terraform",
              "Monitoring": "enabled",
              "Name": "Terraform State Policy",
              "Owner": "Obinna Iheanacho",
              "Project": "craftista",
              "Purpose": "terraform-state-access"
            },
            "tags_all": {
              "Backup": "required",
              "Component": "bootstrap",
              "CreatedDate": "2025-11-04",
              "Department": "devops",
              "Environment": "bootstrap",
              "ManagedBy": "terraform",
              "Monitoring": "enabled",
              "Name": "Terraform State Policy",
              "Owner": "Obinna Iheanacho",
              "Project": "craftista",
              "Purpose": "terraform-state-access"
            }
          },
          "sensitive_attributes": [],
          "private": "bnVsbA==",
          "dependencies": [
            "aws_dynamodb_table.terraform_locks",
            "aws_s3_bucket.terraform_state"
          ]
        }
      ]
    },
    {
      "mode": "managed",
      "type": "aws_s3_bucket",
      "name": "terraform_state",
      "provider": "provider[\"registry.terraform.io/hashicorp/aws\"]",
      "instances": [
        {
          "schema_version": 0,
          "attributes": {
            "acceleration_status": "",
            "acl": null,
            "arn": "arn:aws:s3:::craftista-infra-state-bucket",
            "bucket": "craftista-infra-state-bucket",
            "bucket_domain_name": "craftista-infra-state-bucket.s3.amazonaws.com",
            "bucket_prefix": "",
            "bucket_regional_domain_name": "craftista-infra-state-bucket.s3.us-east-1.amazonaws.com",
            "cors_rule": [],
            "force_destroy": true,
            "grant": [
              {
                "id": "1495ab80e2b680856d8e6c11844330c5d5440589aee910b606cb04b62246edd5",
                "permissions": [
                  "FULL_CONTROL"
                ],
                "type": "CanonicalUser",
                "uri": ""
              }
            ],
            "hosted_zone_id": "Z3AQBSTGFYJSTF",
            "id": "craftista-infra-state-bucket",
            "lifecycle_rule": [],
            "logging": [],
            "object_lock_configuration": [],
            "object_lock_enabled": false,
            "policy": "",
            "region": "us-east-1",
            "replication_configuration": [],
            "request_payer": "BucketOwner",
            "server_side_encryption_configuration": [
              {
                "rule": [
                  {
                    "apply_server_side_encryption_by_default": [
                      {
                        "kms_master_key_id": "",
                        "sse_algorithm": "AES256"
                      }
                    ],
                    "bucket_key_enabled": false
                  }
                ]
              }
            ],
            "tags": {
              "Backup": "required",
              "CreatedDate": "2025-11-04",
              "Department": "devops",
              "Environment": "bootstrap",
              "ManagedBy": "terraform",
              "Monitoring": "enabled",
              "Name": "Terraform State Bucket",
              "Owner": "Obinna Iheanacho",
              "Project": "craftista",
              "Purpose": "terraform-state"
            },
            "tags_all": {
              "Backup": "required",
              "Component": "bootstrap",
              "CreatedDate": "2025-11-04",
              "Department": "devops",
              "Environment": "bootstrap",
              "ManagedBy": "terraform",
              "Monitoring": "enabled",
              "Name": "Terraform State Bucket",
              "Owner": "Obinna Iheanacho",
              "Project": "craftista",
              "Purpose": "terraform-state"
            },
            "timeouts": null,
            "versioning": [
              {
                "enabled": false,
                "mfa_delete": false
              }
            ],
            "website": [],
            "website_domain": null,
            "website_endpoint": null
          },
          "sensitive_attributes": [],
          "private": "eyJlMmJmYjczMC1lY2FhLTExZTYtOGY4OC0zNDM2M2JjN2M0YzAiOnsiY3JlYXRlIjoxMjAwMDAwMDAwMDAwLCJkZWxldGUiOjM2MDAwMDAwMDAwMDAsInJlYWQiOjEyMDAwMDAwMDAwMDAsInVwZGF0ZSI6MTIwMDAwMDAwMDAwMH19"
        }
      ]
    },
    {
      "mode": "managed",
      "type": "aws_s3_bucket_public_access_block",
      "name": "terraform_state",
      "provider": "provider[\"registry.terraform.io/hashicorp/aws\"]",
      "instances": [
        {
          "schema_version": 0,
          "attributes": {
            "block_public_acls": true,
            "block_public_policy": true,
            "bucket": "craftista-infra-state-bucket",
            "id": "craftista-infra-state-bucket",
            "ignore_public_acls": true,
            "restrict_public_buckets": true
          },
          "sensitive_attributes": [],
          "private": "bnVsbA==",
          "dependencies": [
            "aws_s3_bucket.terraform_state"
          ]
        }
      ]
    },
    {
      "mode": "managed",
      "type": "aws_s3_bucket_server_side_encryption_configuration",
      "name": "terraform_state",
      "provider": "provider[\"registry.terraform.io/hashicorp/aws\"]",
      "instances": [
        {
          "schema_version": 0,
          "attributes": {
            "bucket": "craftista-infra-state-bucket",
            "expected_bucket_owner": "",
            "id": "craftista-infra-state-bucket",
            "rule": [
              {
                "apply_server_side_encryption_by_default": [
                  {
                    "kms_master_key_id": "",
                    "sse_algorithm": "AES256"
                  }
                ],
                "bucket_key_enabled": null
              }
            ]
          },
          "sensitive_attributes": [],
          "private": "bnVsbA==",
          "dependencies": [
            "aws_s3_bucket.terraform_state"
          ]
        }
      ]
    },
    {
      "mode": "managed",
      "type": "aws_s3_bucket_versioning",
      "name": "terraform_state",
      "provider": "provider[\"registry.terraform.io/hashicorp/aws\"]",
      "instances": [
        {
          "schema_version": 0,
          "attributes": {
            "bucket": "craftista-infra-state-bucket",
            "expected_bucket_owner": "",
            "id": "craftista-infra-state-bucket",
            "mfa": null,
            "versioning_configuration": [
              {
                "mfa_delete": "",
                "status": "Enabled"
              }
            ]
          },
          "sensitive_attributes": [],
          "private": "bnVsbA==",
          "dependencies": [
            "aws_s3_bucket.terraform_state"
          ]
        }
      ]
    }
  ],
  "check_results": []
}
